
Microsoft Visual Studio Solution File, Format Version 12.00
# Visual Studio Version 17
VisualStudioVersion = 17.9.34723.18
MinimumVisualStudioVersion = 10.0.40219.1
Project("{FAE04EC0-301F-11D3-BF4B-00C04F79EFBC}") = "PZZ ARC", "PZZ ARC\PZZ ARC.csproj", "{62A33CF9-2346-41F9-87CC-635F00D7B155}"
EndProject
Global
	GlobalSection(SolutionConfigurationPlatforms) = preSolution
		Debug|Any CPU = Debug|Any CPU
		Release|Any CPU = Release|Any CPU
	EndGlobalSection
	GlobalSection(ProjectConfigurationPlatforms) = postSolution
		{62A33CF9-2346-41F9-87CC-635F00D7B155}.Debug|Any CPU.ActiveCfg = Debug|Any CPU
		{62A33CF9-2346-41F9-87CC-635F00D7B155}.Debug|Any CPU.Build.0 = Debug|Any CPU
		{62A33CF9-2346-41F9-87CC-635F00D7B155}.Release|Any CPU.ActiveCfg = Release|Any CPU
		{62A33CF9-2346-41F9-87CC-635F00D7B155}.Release|Any CPU.Build.0 = Release|Any CPU
	EndGlobalSection
	GlobalSection(SolutionProperties) = preSolution
		HideSolutionNode = FALSE
	EndGlobalSection
	GlobalSection(ExtensibilityGlobals) = postSolution
		SolutionGuid = {6BAF7CBA-529A-4A7F-A7E5-C19D2D698DDD}
	EndGlobalSection
EndGlobal
